
Microsoft Visual Studio Solution File, Format Version 12.00
# Visual Studio Version 16
VisualStudioVersion = 16.6.30114.105
MinimumVisualStudioVersion = 10.0.40219.1
Project("{FAE04EC0-301F-11D3-BF4B-00C04F79EFBC}") = "Ecubytes.Authorization.Api", "Ecubytes.Authorization.Api\Ecubytes.Authorization.Api.csproj", "{59C81FC9-96C8-42B6-9F9E-5BCCB57BD99C}"
EndProject
Project("{FAE04EC0-301F-11D3-BF4B-00C04F79EFBC}") = "Ecubytes.Data", "..\..\Common\Ecubytes.Data\Ecubytes.Data.csproj", "{705E65D9-3974-4D89-B115-1989A47FF456}"
EndProject
Project("{FAE04EC0-301F-11D3-BF4B-00C04F79EFBC}") = "Ecubytes.Authorization.Infrastructure", "Ecubytes.Authorization.Infrastructure\Ecubytes.Authorization.Infrastructure.csproj", "{046061B2-F1E2-4128-BEB8-2F924B6A33CE}"
EndProject
Project("{FAE04EC0-301F-11D3-BF4B-00C04F79EFBC}") = "Ecubytes.Data.EntityFramework", "..\..\Common\Ecubytes.Data.EntityFramework\Ecubytes.Data.EntityFramework.csproj", "{4AFC568D-D23D-45B4-AC05-6ACC4A326425}"
EndProject
Project("{FAE04EC0-301F-11D3-BF4B-00C04F79EFBC}") = "Ecubytes.AspNetCore.Authorization", "..\..\Common\Ecubytes.AspNetCore.Authorization\Ecubytes.AspNetCore.Authorization.csproj", "{D9641538-3AFF-48C4-8D5A-470DAC722962}"
EndProject
Project("{FAE04EC0-301F-11D3-BF4B-00C04F79EFBC}") = "Ecubytes.AspNetCore", "..\..\Common\Ecubytes.AspNetCore\Ecubytes.AspNetCore.csproj", "{51B62281-BC29-4932-89CB-0C75F8C1DCCC}"
EndProject
Project("{FAE04EC0-301F-11D3-BF4B-00C04F79EFBC}") = "Ecubytes.DependencyInjection", "..\..\Common\Ecubytes.DependencyInjection\Ecubytes.DependencyInjection.csproj", "{042EB570-8AC7-41FF-84DD-BFDEA6A74F2B}"
EndProject
Project("{FAE04EC0-301F-11D3-BF4B-00C04F79EFBC}") = "Ecubytes.AspNetCore.Authentication", "..\..\Common\Ecubytes.AspNetCore.Authentication\Ecubytes.AspNetCore.Authentication.csproj", "{B511DE1B-D292-4C2C-952A-EFE2EC033143}"
EndProject
Project("{FAE04EC0-301F-11D3-BF4B-00C04F79EFBC}") = "Ecubytes.Extensions.Logging", "..\..\Common\Ecubytes.Extensions.Logging\Ecubytes.Extensions.Logging.csproj", "{3BCE099F-038A-4DD9-B670-48F00DC3C89D}"
EndProject
Project("{2150E333-8FDC-42A3-9474-1A3956D46DE8}") = "Libs", "Libs", "{808BA900-0F66-11EC-A1A6-FFE01D9BCF0C}"
EndProject
Project("{FAE04EC0-301F-11D3-BF4B-00C04F79EFBC}") = "Ecubytes.Integration.Event", "..\..\Common\Ecubytes.Integration.Event\Ecubytes.Integration.Event.csproj", "{5F57E4F7-79A6-4D86-9182-481E3FE0409F}"
EndProject
Project("{FAE04EC0-301F-11D3-BF4B-00C04F79EFBC}") = "Ecubytes.AspNetCore.Mvc", "..\..\Common\Ecubytes.AspNetCore.Mvc\Ecubytes.AspNetCore.Mvc.csproj", "{9B1D3CD1-B771-445E-98EB-5C546A0A83AE}"
EndProject
Global
	GlobalSection(SolutionConfigurationPlatforms) = preSolution
		Debug|Any CPU = Debug|Any CPU
		Debug|x64 = Debug|x64
		Debug|x86 = Debug|x86
		Release|Any CPU = Release|Any CPU
		Release|x64 = Release|x64
		Release|x86 = Release|x86
	EndGlobalSection
	GlobalSection(SolutionProperties) = preSolution
		HideSolutionNode = FALSE
	EndGlobalSection
	GlobalSection(ProjectConfigurationPlatforms) = postSolution
		{59C81FC9-96C8-42B6-9F9E-5BCCB57BD99C}.Debug|Any CPU.ActiveCfg = Debug|Any CPU
		{59C81FC9-96C8-42B6-9F9E-5BCCB57BD99C}.Debug|Any CPU.Build.0 = Debug|Any CPU
		{59C81FC9-96C8-42B6-9F9E-5BCCB57BD99C}.Debug|x64.ActiveCfg = Debug|Any CPU
		{59C81FC9-96C8-42B6-9F9E-5BCCB57BD99C}.Debug|x64.Build.0 = Debug|Any CPU
		{59C81FC9-96C8-42B6-9F9E-5BCCB57BD99C}.Debug|x86.ActiveCfg = Debug|Any CPU
		{59C81FC9-96C8-42B6-9F9E-5BCCB57BD99C}.Debug|x86.Build.0 = Debug|Any CPU
		{59C81FC9-96C8-42B6-9F9E-5BCCB57BD99C}.Release|Any CPU.ActiveCfg = Release|Any CPU
		{59C81FC9-96C8-42B6-9F9E-5BCCB57BD99C}.Release|Any CPU.Build.0 = Release|Any CPU
		{59C81FC9-96C8-42B6-9F9E-5BCCB57BD99C}.Release|x64.ActiveCfg = Release|Any CPU
		{59C81FC9-96C8-42B6-9F9E-5BCCB57BD99C}.Release|x64.Build.0 = Release|Any CPU
		{59C81FC9-96C8-42B6-9F9E-5BCCB57BD99C}.Release|x86.ActiveCfg = Release|Any CPU
		{59C81FC9-96C8-42B6-9F9E-5BCCB57BD99C}.Release|x86.Build.0 = Release|Any CPU
		{705E65D9-3974-4D89-B115-1989A47FF456}.Debug|Any CPU.ActiveCfg = Debug|Any CPU
		{705E65D9-3974-4D89-B115-1989A47FF456}.Debug|Any CPU.Build.0 = Debug|Any CPU
		{705E65D9-3974-4D89-B115-1989A47FF456}.Debug|x64.ActiveCfg = Debug|Any CPU
		{705E65D9-3974-4D89-B115-1989A47FF456}.Debug|x64.Build.0 = Debug|Any CPU
		{705E65D9-3974-4D89-B115-1989A47FF456}.Debug|x86.ActiveCfg = Debug|Any CPU
		{705E65D9-3974-4D89-B115-1989A47FF456}.Debug|x86.Build.0 = Debug|Any CPU
		{705E65D9-3974-4D89-B115-1989A47FF456}.Release|Any CPU.ActiveCfg = Release|Any CPU
		{705E65D9-3974-4D89-B115-1989A47FF456}.Release|Any CPU.Build.0 = Release|Any CPU
		{705E65D9-3974-4D89-B115-1989A47FF456}.Release|x64.ActiveCfg = Release|Any CPU
		{705E65D9-3974-4D89-B115-1989A47FF456}.Release|x64.Build.0 = Release|Any CPU
		{705E65D9-3974-4D89-B115-1989A47FF456}.Release|x86.ActiveCfg = Release|Any CPU
		{705E65D9-3974-4D89-B115-1989A47FF456}.Release|x86.Build.0 = Release|Any CPU
		{046061B2-F1E2-4128-BEB8-2F924B6A33CE}.Debug|Any CPU.ActiveCfg = Debug|Any CPU
		{046061B2-F1E2-4128-BEB8-2F924B6A33CE}.Debug|Any CPU.Build.0 = Debug|Any CPU
		{046061B2-F1E2-4128-BEB8-2F924B6A33CE}.Debug|x64.ActiveCfg = Debug|Any CPU
		{046061B2-F1E2-4128-BEB8-2F924B6A33CE}.Debug|x64.Build.0 = Debug|Any CPU
		{046061B2-F1E2-4128-BEB8-2F924B6A33CE}.Debug|x86.ActiveCfg = Debug|Any CPU
		{046061B2-F1E2-4128-BEB8-2F924B6A33CE}.Debug|x86.Build.0 = Debug|Any CPU
		{046061B2-F1E2-4128-BEB8-2F924B6A33CE}.Release|Any CPU.ActiveCfg = Release|Any CPU
		{046061B2-F1E2-4128-BEB8-2F924B6A33CE}.Release|Any CPU.Build.0 = Release|Any CPU
		{046061B2-F1E2-4128-BEB8-2F924B6A33CE}.Release|x64.ActiveCfg = Release|Any CPU
		{046061B2-F1E2-4128-BEB8-2F924B6A33CE}.Release|x64.Build.0 = Release|Any CPU
		{046061B2-F1E2-4128-BEB8-2F924B6A33CE}.Release|x86.ActiveCfg = Release|Any CPU
		{046061B2-F1E2-4128-BEB8-2F924B6A33CE}.Release|x86.Build.0 = Release|Any CPU
		{4AFC568D-D23D-45B4-AC05-6ACC4A326425}.Debug|Any CPU.ActiveCfg = Debug|Any CPU
		{4AFC568D-D23D-45B4-AC05-6ACC4A326425}.Debug|Any CPU.Build.0 = Debug|Any CPU
		{4AFC568D-D23D-45B4-AC05-6ACC4A326425}.Debug|x64.ActiveCfg = Debug|Any CPU
		{4AFC568D-D23D-45B4-AC05-6ACC4A326425}.Debug|x64.Build.0 = Debug|Any CPU
		{4AFC568D-D23D-45B4-AC05-6ACC4A326425}.Debug|x86.ActiveCfg = Debug|Any CPU
		{4AFC568D-D23D-45B4-AC05-6ACC4A326425}.Debug|x86.Build.0 = Debug|Any CPU
		{4AFC568D-D23D-45B4-AC05-6ACC4A326425}.Release|Any CPU.ActiveCfg = Release|Any CPU
		{4AFC568D-D23D-45B4-AC05-6ACC4A326425}.Release|Any CPU.Build.0 = Release|Any CPU
		{4AFC568D-D23D-45B4-AC05-6ACC4A326425}.Release|x64.ActiveCfg = Release|Any CPU
		{4AFC568D-D23D-45B4-AC05-6ACC4A326425}.Release|x64.Build.0 = Release|Any CPU
		{4AFC568D-D23D-45B4-AC05-6ACC4A326425}.Release|x86.ActiveCfg = Release|Any CPU
		{4AFC568D-D23D-45B4-AC05-6ACC4A326425}.Release|x86.Build.0 = Release|Any CPU
		{D9641538-3AFF-48C4-8D5A-470DAC722962}.Debug|Any CPU.ActiveCfg = Debug|Any CPU
		{D9641538-3AFF-48C4-8D5A-470DAC722962}.Debug|Any CPU.Build.0 = Debug|Any CPU
		{D9641538-3AFF-48C4-8D5A-470DAC722962}.Debug|x64.ActiveCfg = Debug|Any CPU
		{D9641538-3AFF-48C4-8D5A-470DAC722962}.Debug|x64.Build.0 = Debug|Any CPU
		{D9641538-3AFF-48C4-8D5A-470DAC722962}.Debug|x86.ActiveCfg = Debug|Any CPU
		{D9641538-3AFF-48C4-8D5A-470DAC722962}.Debug|x86.Build.0 = Debug|Any CPU
		{D9641538-3AFF-48C4-8D5A-470DAC722962}.Release|Any CPU.ActiveCfg = Release|Any CPU
		{D9641538-3AFF-48C4-8D5A-470DAC722962}.Release|Any CPU.Build.0 = Release|Any CPU
		{D9641538-3AFF-48C4-8D5A-470DAC722962}.Release|x64.ActiveCfg = Release|Any CPU
		{D9641538-3AFF-48C4-8D5A-470DAC722962}.Release|x64.Build.0 = Release|Any CPU
		{D9641538-3AFF-48C4-8D5A-470DAC722962}.Release|x86.ActiveCfg = Release|Any CPU
		{D9641538-3AFF-48C4-8D5A-470DAC722962}.Release|x86.Build.0 = Release|Any CPU
		{51B62281-BC29-4932-89CB-0C75F8C1DCCC}.Debug|Any CPU.ActiveCfg = Debug|Any CPU
		{51B62281-BC29-4932-89CB-0C75F8C1DCCC}.Debug|Any CPU.Build.0 = Debug|Any CPU
		{51B62281-BC29-4932-89CB-0C75F8C1DCCC}.Debug|x64.ActiveCfg = Debug|Any CPU
		{51B62281-BC29-4932-89CB-0C75F8C1DCCC}.Debug|x64.Build.0 = Debug|Any CPU
		{51B62281-BC29-4932-89CB-0C75F8C1DCCC}.Debug|x86.ActiveCfg = Debug|Any CPU
		{51B62281-BC29-4932-89CB-0C75F8C1DCCC}.Debug|x86.Build.0 = Debug|Any CPU
		{51B62281-BC29-4932-89CB-0C75F8C1DCCC}.Release|Any CPU.ActiveCfg = Release|Any CPU
		{51B62281-BC29-4932-89CB-0C75F8C1DCCC}.Release|Any CPU.Build.0 = Release|Any CPU
		{51B62281-BC29-4932-89CB-0C75F8C1DCCC}.Release|x64.ActiveCfg = Release|Any CPU
		{51B62281-BC29-4932-89CB-0C75F8C1DCCC}.Release|x64.Build.0 = Release|Any CPU
		{51B62281-BC29-4932-89CB-0C75F8C1DCCC}.Release|x86.ActiveCfg = Release|Any CPU
		{51B62281-BC29-4932-89CB-0C75F8C1DCCC}.Release|x86.Build.0 = Release|Any CPU
		{042EB570-8AC7-41FF-84DD-BFDEA6A74F2B}.Debug|Any CPU.ActiveCfg = Debug|Any CPU
		{042EB570-8AC7-41FF-84DD-BFDEA6A74F2B}.Debug|Any CPU.Build.0 = Debug|Any CPU
		{042EB570-8AC7-41FF-84DD-BFDEA6A74F2B}.Debug|x64.ActiveCfg = Debug|Any CPU
		{042EB570-8AC7-41FF-84DD-BFDEA6A74F2B}.Debug|x64.Build.0 = Debug|Any CPU
		{042EB570-8AC7-41FF-84DD-BFDEA6A74F2B}.Debug|x86.ActiveCfg = Debug|Any CPU
		{042EB570-8AC7-41FF-84DD-BFDEA6A74F2B}.Debug|x86.Build.0 = Debug|Any CPU
		{042EB570-8AC7-41FF-84DD-BFDEA6A74F2B}.Release|Any CPU.ActiveCfg = Release|Any CPU
		{042EB570-8AC7-41FF-84DD-BFDEA6A74F2B}.Release|Any CPU.Build.0 = Release|Any CPU
		{042EB570-8AC7-41FF-84DD-BFDEA6A74F2B}.Release|x64.ActiveCfg = Release|Any CPU
		{042EB570-8AC7-41FF-84DD-BFDEA6A74F2B}.Release|x64.Build.0 = Release|Any CPU
		{042EB570-8AC7-41FF-84DD-BFDEA6A74F2B}.Release|x86.ActiveCfg = Release|Any CPU
		{042EB570-8AC7-41FF-84DD-BFDEA6A74F2B}.Release|x86.Build.0 = Release|Any CPU
		{B511DE1B-D292-4C2C-952A-EFE2EC033143}.Debug|Any CPU.ActiveCfg = Debug|Any CPU
		{B511DE1B-D292-4C2C-952A-EFE2EC033143}.Debug|Any CPU.Build.0 = Debug|Any CPU
		{B511DE1B-D292-4C2C-952A-EFE2EC033143}.Debug|x64.ActiveCfg = Debug|Any CPU
		{B511DE1B-D292-4C2C-952A-EFE2EC033143}.Debug|x64.Build.0 = Debug|Any CPU
		{B511DE1B-D292-4C2C-952A-EFE2EC033143}.Debug|x86.ActiveCfg = Debug|Any CPU
		{B511DE1B-D292-4C2C-952A-EFE2EC033143}.Debug|x86.Build.0 = Debug|Any CPU
		{B511DE1B-D292-4C2C-952A-EFE2EC033143}.Release|Any CPU.ActiveCfg = Release|Any CPU
		{B511DE1B-D292-4C2C-952A-EFE2EC033143}.Release|Any CPU.Build.0 = Release|Any CPU
		{B511DE1B-D292-4C2C-952A-EFE2EC033143}.Release|x64.ActiveCfg = Release|Any CPU
		{B511DE1B-D292-4C2C-952A-EFE2EC033143}.Release|x64.Build.0 = Release|Any CPU
		{B511DE1B-D292-4C2C-952A-EFE2EC033143}.Release|x86.ActiveCfg = Release|Any CPU
		{B511DE1B-D292-4C2C-952A-EFE2EC033143}.Release|x86.Build.0 = Release|Any CPU
		{3BCE099F-038A-4DD9-B670-48F00DC3C89D}.Debug|Any CPU.ActiveCfg = Debug|Any CPU
		{3BCE099F-038A-4DD9-B670-48F00DC3C89D}.Debug|Any CPU.Build.0 = Debug|Any CPU
		{3BCE099F-038A-4DD9-B670-48F00DC3C89D}.Debug|x64.ActiveCfg = Debug|Any CPU
		{3BCE099F-038A-4DD9-B670-48F00DC3C89D}.Debug|x64.Build.0 = Debug|Any CPU
		{3BCE099F-038A-4DD9-B670-48F00DC3C89D}.Debug|x86.ActiveCfg = Debug|Any CPU
		{3BCE099F-038A-4DD9-B670-48F00DC3C89D}.Debug|x86.Build.0 = Debug|Any CPU
		{3BCE099F-038A-4DD9-B670-48F00DC3C89D}.Release|Any CPU.ActiveCfg = Release|Any CPU
		{3BCE099F-038A-4DD9-B670-48F00DC3C89D}.Release|Any CPU.Build.0 = Release|Any CPU
		{3BCE099F-038A-4DD9-B670-48F00DC3C89D}.Release|x64.ActiveCfg = Release|Any CPU
		{3BCE099F-038A-4DD9-B670-48F00DC3C89D}.Release|x64.Build.0 = Release|Any CPU
		{3BCE099F-038A-4DD9-B670-48F00DC3C89D}.Release|x86.ActiveCfg = Release|Any CPU
		{3BCE099F-038A-4DD9-B670-48F00DC3C89D}.Release|x86.Build.0 = Release|Any CPU
		{5F57E4F7-79A6-4D86-9182-481E3FE0409F}.Debug|Any CPU.ActiveCfg = Debug|Any CPU
		{5F57E4F7-79A6-4D86-9182-481E3FE0409F}.Debug|Any CPU.Build.0 = Debug|Any CPU
		{5F57E4F7-79A6-4D86-9182-481E3FE0409F}.Debug|x64.ActiveCfg = Debug|Any CPU
		{5F57E4F7-79A6-4D86-9182-481E3FE0409F}.Debug|x64.Build.0 = Debug|Any CPU
		{5F57E4F7-79A6-4D86-9182-481E3FE0409F}.Debug|x86.ActiveCfg = Debug|Any CPU
		{5F57E4F7-79A6-4D86-9182-481E3FE0409F}.Debug|x86.Build.0 = Debug|Any CPU
		{5F57E4F7-79A6-4D86-9182-481E3FE0409F}.Release|Any CPU.ActiveCfg = Release|Any CPU
		{5F57E4F7-79A6-4D86-9182-481E3FE0409F}.Release|Any CPU.Build.0 = Release|Any CPU
		{5F57E4F7-79A6-4D86-9182-481E3FE0409F}.Release|x64.ActiveCfg = Release|Any CPU
		{5F57E4F7-79A6-4D86-9182-481E3FE0409F}.Release|x64.Build.0 = Release|Any CPU
		{5F57E4F7-79A6-4D86-9182-481E3FE0409F}.Release|x86.ActiveCfg = Release|Any CPU
		{5F57E4F7-79A6-4D86-9182-481E3FE0409F}.Release|x86.Build.0 = Release|Any CPU
		{9B1D3CD1-B771-445E-98EB-5C546A0A83AE}.Debug|Any CPU.ActiveCfg = Debug|Any CPU
		{9B1D3CD1-B771-445E-98EB-5C546A0A83AE}.Debug|Any CPU.Build.0 = Debug|Any CPU
		{9B1D3CD1-B771-445E-98EB-5C546A0A83AE}.Debug|x64.ActiveCfg = Debug|Any CPU
		{9B1D3CD1-B771-445E-98EB-5C546A0A83AE}.Debug|x64.Build.0 = Debug|Any CPU
		{9B1D3CD1-B771-445E-98EB-5C546A0A83AE}.Debug|x86.ActiveCfg = Debug|Any CPU
		{9B1D3CD1-B771-445E-98EB-5C546A0A83AE}.Debug|x86.Build.0 = Debug|Any CPU
		{9B1D3CD1-B771-445E-98EB-5C546A0A83AE}.Release|Any CPU.ActiveCfg = Release|Any CPU
		{9B1D3CD1-B771-445E-98EB-5C546A0A83AE}.Release|Any CPU.Build.0 = Release|Any CPU
		{9B1D3CD1-B771-445E-98EB-5C546A0A83AE}.Release|x64.ActiveCfg = Release|Any CPU
		{9B1D3CD1-B771-445E-98EB-5C546A0A83AE}.Release|x64.Build.0 = Release|Any CPU
		{9B1D3CD1-B771-445E-98EB-5C546A0A83AE}.Release|x86.ActiveCfg = Release|Any CPU
		{9B1D3CD1-B771-445E-98EB-5C546A0A83AE}.Release|x86.Build.0 = Release|Any CPU
	EndGlobalSection
	GlobalSection(NestedProjects) = preSolution
		{9B1D3CD1-B771-445E-98EB-5C546A0A83AE} = {808BA900-0F66-11EC-A1A6-FFE01D9BCF0C}
		{5F57E4F7-79A6-4D86-9182-481E3FE0409F} = {808BA900-0F66-11EC-A1A6-FFE01D9BCF0C}
		{3BCE099F-038A-4DD9-B670-48F00DC3C89D} = {808BA900-0F66-11EC-A1A6-FFE01D9BCF0C}
		{042EB570-8AC7-41FF-84DD-BFDEA6A74F2B} = {808BA900-0F66-11EC-A1A6-FFE01D9BCF0C}
		{4AFC568D-D23D-45B4-AC05-6ACC4A326425} = {808BA900-0F66-11EC-A1A6-FFE01D9BCF0C}
		{705E65D9-3974-4D89-B115-1989A47FF456} = {808BA900-0F66-11EC-A1A6-FFE01D9BCF0C}
		{D9641538-3AFF-48C4-8D5A-470DAC722962} = {808BA900-0F66-11EC-A1A6-FFE01D9BCF0C}
		{B511DE1B-D292-4C2C-952A-EFE2EC033143} = {808BA900-0F66-11EC-A1A6-FFE01D9BCF0C}
		{51B62281-BC29-4932-89CB-0C75F8C1DCCC} = {808BA900-0F66-11EC-A1A6-FFE01D9BCF0C}
	EndGlobalSection
EndGlobal
