
Microsoft Visual Studio Solution File, Format Version 12.00
# Visual Studio Version 16
VisualStudioVersion = 16.0.30114.105
MinimumVisualStudioVersion = 10.0.40219.1
Project("{FAE04EC0-301F-11D3-BF4B-00C04F79EFBC}") = "Ecubytes.Identity.Login.Web", "Ecubytes.Identity.Login.Web\Ecubytes.Identity.Login.Web.csproj", "{DB426418-86FC-40BA-B189-688C33902C2D}"
EndProject
Project("{FAE04EC0-301F-11D3-BF4B-00C04F79EFBC}") = "Ecubytes.AspNetCore", "..\..\Common\Ecubytes.AspNetCore\Ecubytes.AspNetCore.csproj", "{A7BF7464-1AC1-4ACE-9921-D1976C106D1A}"
EndProject
Project("{2150E333-8FDC-42A3-9474-1A3956D46DE8}") = "libs", "libs", "{C193F2E0-2A7D-11EC-A962-19124DDBE269}"
EndProject
Project("{FAE04EC0-301F-11D3-BF4B-00C04F79EFBC}") = "Ecubytes.DependencyInjection", "..\..\Common\Ecubytes.DependencyInjection\Ecubytes.DependencyInjection.csproj", "{4ECA49DA-6F68-481F-A7EB-10551788AA7B}"
EndProject
Project("{FAE04EC0-301F-11D3-BF4B-00C04F79EFBC}") = "Ecubytes.AspNetCore.Authentication", "..\..\Common\Ecubytes.AspNetCore.Authentication\Ecubytes.AspNetCore.Authentication.csproj", "{739A6BD2-7186-47BA-A757-D4BCC7B8E186}"
EndProject
Project("{FAE04EC0-301F-11D3-BF4B-00C04F79EFBC}") = "Ecubytes.AspNetCore.Http", "..\..\Common\Ecubytes.AspNetCore.Http\Ecubytes.AspNetCore.Http.csproj", "{2D120FCE-5006-407E-BCA2-06FD96DB0AB4}"
EndProject
Project("{FAE04EC0-301F-11D3-BF4B-00C04F79EFBC}") = "Ecubytes.AspNetCore.Mvc", "..\..\Common\Ecubytes.AspNetCore.Mvc\Ecubytes.AspNetCore.Mvc.csproj", "{9EAE759F-9D3E-4A8E-A671-C7749A13ED96}"
EndProject
Project("{FAE04EC0-301F-11D3-BF4B-00C04F79EFBC}") = "Ecubytes.AspNetCore.Authorization", "..\..\Common\Ecubytes.AspNetCore.Authorization\Ecubytes.AspNetCore.Authorization.csproj", "{7AC9FDDC-790A-4D6D-ADEC-92879F4E4A64}"
EndProject
Project("{FAE04EC0-301F-11D3-BF4B-00C04F79EFBC}") = "Ecubytes.AspNetCore.WebUtilities", "..\..\Common\Ecubytes.AspNetCore.WebUtilities\Ecubytes.AspNetCore.WebUtilities.csproj", "{D8D6E03B-C169-4A31-A9F5-78DCB4D1E332}"
EndProject
Project("{FAE04EC0-301F-11D3-BF4B-00C04F79EFBC}") = "Ecubytes.Configuration", "..\..\Common\Ecubytes.Configuration\Ecubytes.Configuration.csproj", "{FF0CDEBE-7AD9-4179-8881-6C7D890421A0}"
EndProject
Project("{FAE04EC0-301F-11D3-BF4B-00C04F79EFBC}") = "Ecubytes.Sdk.Identity", "..\..\Sdk\Ecubytes.Sdk.Identity\Ecubytes.Sdk.Identity.csproj", "{5DBE9F77-0BEF-4F4D-A767-A72F3A68EA47}"
EndProject
Project("{FAE04EC0-301F-11D3-BF4B-00C04F79EFBC}") = "Ecubytes.Data", "..\..\Common\Ecubytes.Data\Ecubytes.Data.csproj", "{9F215F4E-BD83-4E26-AF69-125EECA61CCF}"
EndProject
Global
	GlobalSection(SolutionConfigurationPlatforms) = preSolution
		Debug|Any CPU = Debug|Any CPU
		Debug|x64 = Debug|x64
		Debug|x86 = Debug|x86
		Release|Any CPU = Release|Any CPU
		Release|x64 = Release|x64
		Release|x86 = Release|x86
	EndGlobalSection
	GlobalSection(SolutionProperties) = preSolution
		HideSolutionNode = FALSE
	EndGlobalSection
	GlobalSection(ProjectConfigurationPlatforms) = postSolution
		{DB426418-86FC-40BA-B189-688C33902C2D}.Debug|Any CPU.ActiveCfg = Debug|Any CPU
		{DB426418-86FC-40BA-B189-688C33902C2D}.Debug|Any CPU.Build.0 = Debug|Any CPU
		{DB426418-86FC-40BA-B189-688C33902C2D}.Debug|x64.ActiveCfg = Debug|Any CPU
		{DB426418-86FC-40BA-B189-688C33902C2D}.Debug|x64.Build.0 = Debug|Any CPU
		{DB426418-86FC-40BA-B189-688C33902C2D}.Debug|x86.ActiveCfg = Debug|Any CPU
		{DB426418-86FC-40BA-B189-688C33902C2D}.Debug|x86.Build.0 = Debug|Any CPU
		{DB426418-86FC-40BA-B189-688C33902C2D}.Release|Any CPU.ActiveCfg = Release|Any CPU
		{DB426418-86FC-40BA-B189-688C33902C2D}.Release|Any CPU.Build.0 = Release|Any CPU
		{DB426418-86FC-40BA-B189-688C33902C2D}.Release|x64.ActiveCfg = Release|Any CPU
		{DB426418-86FC-40BA-B189-688C33902C2D}.Release|x64.Build.0 = Release|Any CPU
		{DB426418-86FC-40BA-B189-688C33902C2D}.Release|x86.ActiveCfg = Release|Any CPU
		{DB426418-86FC-40BA-B189-688C33902C2D}.Release|x86.Build.0 = Release|Any CPU
		{A7BF7464-1AC1-4ACE-9921-D1976C106D1A}.Debug|Any CPU.ActiveCfg = Debug|Any CPU
		{A7BF7464-1AC1-4ACE-9921-D1976C106D1A}.Debug|Any CPU.Build.0 = Debug|Any CPU
		{A7BF7464-1AC1-4ACE-9921-D1976C106D1A}.Debug|x64.ActiveCfg = Debug|Any CPU
		{A7BF7464-1AC1-4ACE-9921-D1976C106D1A}.Debug|x64.Build.0 = Debug|Any CPU
		{A7BF7464-1AC1-4ACE-9921-D1976C106D1A}.Debug|x86.ActiveCfg = Debug|Any CPU
		{A7BF7464-1AC1-4ACE-9921-D1976C106D1A}.Debug|x86.Build.0 = Debug|Any CPU
		{A7BF7464-1AC1-4ACE-9921-D1976C106D1A}.Release|Any CPU.ActiveCfg = Release|Any CPU
		{A7BF7464-1AC1-4ACE-9921-D1976C106D1A}.Release|Any CPU.Build.0 = Release|Any CPU
		{A7BF7464-1AC1-4ACE-9921-D1976C106D1A}.Release|x64.ActiveCfg = Release|Any CPU
		{A7BF7464-1AC1-4ACE-9921-D1976C106D1A}.Release|x64.Build.0 = Release|Any CPU
		{A7BF7464-1AC1-4ACE-9921-D1976C106D1A}.Release|x86.ActiveCfg = Release|Any CPU
		{A7BF7464-1AC1-4ACE-9921-D1976C106D1A}.Release|x86.Build.0 = Release|Any CPU
		{4ECA49DA-6F68-481F-A7EB-10551788AA7B}.Debug|Any CPU.ActiveCfg = Debug|Any CPU
		{4ECA49DA-6F68-481F-A7EB-10551788AA7B}.Debug|Any CPU.Build.0 = Debug|Any CPU
		{4ECA49DA-6F68-481F-A7EB-10551788AA7B}.Debug|x64.ActiveCfg = Debug|Any CPU
		{4ECA49DA-6F68-481F-A7EB-10551788AA7B}.Debug|x64.Build.0 = Debug|Any CPU
		{4ECA49DA-6F68-481F-A7EB-10551788AA7B}.Debug|x86.ActiveCfg = Debug|Any CPU
		{4ECA49DA-6F68-481F-A7EB-10551788AA7B}.Debug|x86.Build.0 = Debug|Any CPU
		{4ECA49DA-6F68-481F-A7EB-10551788AA7B}.Release|Any CPU.ActiveCfg = Release|Any CPU
		{4ECA49DA-6F68-481F-A7EB-10551788AA7B}.Release|Any CPU.Build.0 = Release|Any CPU
		{4ECA49DA-6F68-481F-A7EB-10551788AA7B}.Release|x64.ActiveCfg = Release|Any CPU
		{4ECA49DA-6F68-481F-A7EB-10551788AA7B}.Release|x64.Build.0 = Release|Any CPU
		{4ECA49DA-6F68-481F-A7EB-10551788AA7B}.Release|x86.ActiveCfg = Release|Any CPU
		{4ECA49DA-6F68-481F-A7EB-10551788AA7B}.Release|x86.Build.0 = Release|Any CPU
		{739A6BD2-7186-47BA-A757-D4BCC7B8E186}.Debug|Any CPU.ActiveCfg = Debug|Any CPU
		{739A6BD2-7186-47BA-A757-D4BCC7B8E186}.Debug|Any CPU.Build.0 = Debug|Any CPU
		{739A6BD2-7186-47BA-A757-D4BCC7B8E186}.Debug|x64.ActiveCfg = Debug|Any CPU
		{739A6BD2-7186-47BA-A757-D4BCC7B8E186}.Debug|x64.Build.0 = Debug|Any CPU
		{739A6BD2-7186-47BA-A757-D4BCC7B8E186}.Debug|x86.ActiveCfg = Debug|Any CPU
		{739A6BD2-7186-47BA-A757-D4BCC7B8E186}.Debug|x86.Build.0 = Debug|Any CPU
		{739A6BD2-7186-47BA-A757-D4BCC7B8E186}.Release|Any CPU.ActiveCfg = Release|Any CPU
		{739A6BD2-7186-47BA-A757-D4BCC7B8E186}.Release|Any CPU.Build.0 = Release|Any CPU
		{739A6BD2-7186-47BA-A757-D4BCC7B8E186}.Release|x64.ActiveCfg = Release|Any CPU
		{739A6BD2-7186-47BA-A757-D4BCC7B8E186}.Release|x64.Build.0 = Release|Any CPU
		{739A6BD2-7186-47BA-A757-D4BCC7B8E186}.Release|x86.ActiveCfg = Release|Any CPU
		{739A6BD2-7186-47BA-A757-D4BCC7B8E186}.Release|x86.Build.0 = Release|Any CPU
		{2D120FCE-5006-407E-BCA2-06FD96DB0AB4}.Debug|Any CPU.ActiveCfg = Debug|Any CPU
		{2D120FCE-5006-407E-BCA2-06FD96DB0AB4}.Debug|Any CPU.Build.0 = Debug|Any CPU
		{2D120FCE-5006-407E-BCA2-06FD96DB0AB4}.Debug|x64.ActiveCfg = Debug|Any CPU
		{2D120FCE-5006-407E-BCA2-06FD96DB0AB4}.Debug|x64.Build.0 = Debug|Any CPU
		{2D120FCE-5006-407E-BCA2-06FD96DB0AB4}.Debug|x86.ActiveCfg = Debug|Any CPU
		{2D120FCE-5006-407E-BCA2-06FD96DB0AB4}.Debug|x86.Build.0 = Debug|Any CPU
		{2D120FCE-5006-407E-BCA2-06FD96DB0AB4}.Release|Any CPU.ActiveCfg = Release|Any CPU
		{2D120FCE-5006-407E-BCA2-06FD96DB0AB4}.Release|Any CPU.Build.0 = Release|Any CPU
		{2D120FCE-5006-407E-BCA2-06FD96DB0AB4}.Release|x64.ActiveCfg = Release|Any CPU
		{2D120FCE-5006-407E-BCA2-06FD96DB0AB4}.Release|x64.Build.0 = Release|Any CPU
		{2D120FCE-5006-407E-BCA2-06FD96DB0AB4}.Release|x86.ActiveCfg = Release|Any CPU
		{2D120FCE-5006-407E-BCA2-06FD96DB0AB4}.Release|x86.Build.0 = Release|Any CPU
		{9EAE759F-9D3E-4A8E-A671-C7749A13ED96}.Debug|Any CPU.ActiveCfg = Debug|Any CPU
		{9EAE759F-9D3E-4A8E-A671-C7749A13ED96}.Debug|Any CPU.Build.0 = Debug|Any CPU
		{9EAE759F-9D3E-4A8E-A671-C7749A13ED96}.Debug|x64.ActiveCfg = Debug|Any CPU
		{9EAE759F-9D3E-4A8E-A671-C7749A13ED96}.Debug|x64.Build.0 = Debug|Any CPU
		{9EAE759F-9D3E-4A8E-A671-C7749A13ED96}.Debug|x86.ActiveCfg = Debug|Any CPU
		{9EAE759F-9D3E-4A8E-A671-C7749A13ED96}.Debug|x86.Build.0 = Debug|Any CPU
		{9EAE759F-9D3E-4A8E-A671-C7749A13ED96}.Release|Any CPU.ActiveCfg = Release|Any CPU
		{9EAE759F-9D3E-4A8E-A671-C7749A13ED96}.Release|Any CPU.Build.0 = Release|Any CPU
		{9EAE759F-9D3E-4A8E-A671-C7749A13ED96}.Release|x64.ActiveCfg = Release|Any CPU
		{9EAE759F-9D3E-4A8E-A671-C7749A13ED96}.Release|x64.Build.0 = Release|Any CPU
		{9EAE759F-9D3E-4A8E-A671-C7749A13ED96}.Release|x86.ActiveCfg = Release|Any CPU
		{9EAE759F-9D3E-4A8E-A671-C7749A13ED96}.Release|x86.Build.0 = Release|Any CPU
		{7AC9FDDC-790A-4D6D-ADEC-92879F4E4A64}.Debug|Any CPU.ActiveCfg = Debug|Any CPU
		{7AC9FDDC-790A-4D6D-ADEC-92879F4E4A64}.Debug|Any CPU.Build.0 = Debug|Any CPU
		{7AC9FDDC-790A-4D6D-ADEC-92879F4E4A64}.Debug|x64.ActiveCfg = Debug|Any CPU
		{7AC9FDDC-790A-4D6D-ADEC-92879F4E4A64}.Debug|x64.Build.0 = Debug|Any CPU
		{7AC9FDDC-790A-4D6D-ADEC-92879F4E4A64}.Debug|x86.ActiveCfg = Debug|Any CPU
		{7AC9FDDC-790A-4D6D-ADEC-92879F4E4A64}.Debug|x86.Build.0 = Debug|Any CPU
		{7AC9FDDC-790A-4D6D-ADEC-92879F4E4A64}.Release|Any CPU.ActiveCfg = Release|Any CPU
		{7AC9FDDC-790A-4D6D-ADEC-92879F4E4A64}.Release|Any CPU.Build.0 = Release|Any CPU
		{7AC9FDDC-790A-4D6D-ADEC-92879F4E4A64}.Release|x64.ActiveCfg = Release|Any CPU
		{7AC9FDDC-790A-4D6D-ADEC-92879F4E4A64}.Release|x64.Build.0 = Release|Any CPU
		{7AC9FDDC-790A-4D6D-ADEC-92879F4E4A64}.Release|x86.ActiveCfg = Release|Any CPU
		{7AC9FDDC-790A-4D6D-ADEC-92879F4E4A64}.Release|x86.Build.0 = Release|Any CPU
		{D8D6E03B-C169-4A31-A9F5-78DCB4D1E332}.Debug|Any CPU.ActiveCfg = Debug|Any CPU
		{D8D6E03B-C169-4A31-A9F5-78DCB4D1E332}.Debug|Any CPU.Build.0 = Debug|Any CPU
		{D8D6E03B-C169-4A31-A9F5-78DCB4D1E332}.Debug|x64.ActiveCfg = Debug|Any CPU
		{D8D6E03B-C169-4A31-A9F5-78DCB4D1E332}.Debug|x64.Build.0 = Debug|Any CPU
		{D8D6E03B-C169-4A31-A9F5-78DCB4D1E332}.Debug|x86.ActiveCfg = Debug|Any CPU
		{D8D6E03B-C169-4A31-A9F5-78DCB4D1E332}.Debug|x86.Build.0 = Debug|Any CPU
		{D8D6E03B-C169-4A31-A9F5-78DCB4D1E332}.Release|Any CPU.ActiveCfg = Release|Any CPU
		{D8D6E03B-C169-4A31-A9F5-78DCB4D1E332}.Release|Any CPU.Build.0 = Release|Any CPU
		{D8D6E03B-C169-4A31-A9F5-78DCB4D1E332}.Release|x64.ActiveCfg = Release|Any CPU
		{D8D6E03B-C169-4A31-A9F5-78DCB4D1E332}.Release|x64.Build.0 = Release|Any CPU
		{D8D6E03B-C169-4A31-A9F5-78DCB4D1E332}.Release|x86.ActiveCfg = Release|Any CPU
		{D8D6E03B-C169-4A31-A9F5-78DCB4D1E332}.Release|x86.Build.0 = Release|Any CPU
		{FF0CDEBE-7AD9-4179-8881-6C7D890421A0}.Debug|Any CPU.ActiveCfg = Debug|Any CPU
		{FF0CDEBE-7AD9-4179-8881-6C7D890421A0}.Debug|Any CPU.Build.0 = Debug|Any CPU
		{FF0CDEBE-7AD9-4179-8881-6C7D890421A0}.Debug|x64.ActiveCfg = Debug|Any CPU
		{FF0CDEBE-7AD9-4179-8881-6C7D890421A0}.Debug|x64.Build.0 = Debug|Any CPU
		{FF0CDEBE-7AD9-4179-8881-6C7D890421A0}.Debug|x86.ActiveCfg = Debug|Any CPU
		{FF0CDEBE-7AD9-4179-8881-6C7D890421A0}.Debug|x86.Build.0 = Debug|Any CPU
		{FF0CDEBE-7AD9-4179-8881-6C7D890421A0}.Release|Any CPU.ActiveCfg = Release|Any CPU
		{FF0CDEBE-7AD9-4179-8881-6C7D890421A0}.Release|Any CPU.Build.0 = Release|Any CPU
		{FF0CDEBE-7AD9-4179-8881-6C7D890421A0}.Release|x64.ActiveCfg = Release|Any CPU
		{FF0CDEBE-7AD9-4179-8881-6C7D890421A0}.Release|x64.Build.0 = Release|Any CPU
		{FF0CDEBE-7AD9-4179-8881-6C7D890421A0}.Release|x86.ActiveCfg = Release|Any CPU
		{FF0CDEBE-7AD9-4179-8881-6C7D890421A0}.Release|x86.Build.0 = Release|Any CPU
		{5DBE9F77-0BEF-4F4D-A767-A72F3A68EA47}.Debug|Any CPU.ActiveCfg = Debug|Any CPU
		{5DBE9F77-0BEF-4F4D-A767-A72F3A68EA47}.Debug|Any CPU.Build.0 = Debug|Any CPU
		{5DBE9F77-0BEF-4F4D-A767-A72F3A68EA47}.Debug|x64.ActiveCfg = Debug|Any CPU
		{5DBE9F77-0BEF-4F4D-A767-A72F3A68EA47}.Debug|x64.Build.0 = Debug|Any CPU
		{5DBE9F77-0BEF-4F4D-A767-A72F3A68EA47}.Debug|x86.ActiveCfg = Debug|Any CPU
		{5DBE9F77-0BEF-4F4D-A767-A72F3A68EA47}.Debug|x86.Build.0 = Debug|Any CPU
		{5DBE9F77-0BEF-4F4D-A767-A72F3A68EA47}.Release|Any CPU.ActiveCfg = Release|Any CPU
		{5DBE9F77-0BEF-4F4D-A767-A72F3A68EA47}.Release|Any CPU.Build.0 = Release|Any CPU
		{5DBE9F77-0BEF-4F4D-A767-A72F3A68EA47}.Release|x64.ActiveCfg = Release|Any CPU
		{5DBE9F77-0BEF-4F4D-A767-A72F3A68EA47}.Release|x64.Build.0 = Release|Any CPU
		{5DBE9F77-0BEF-4F4D-A767-A72F3A68EA47}.Release|x86.ActiveCfg = Release|Any CPU
		{5DBE9F77-0BEF-4F4D-A767-A72F3A68EA47}.Release|x86.Build.0 = Release|Any CPU
		{9F215F4E-BD83-4E26-AF69-125EECA61CCF}.Debug|Any CPU.ActiveCfg = Debug|Any CPU
		{9F215F4E-BD83-4E26-AF69-125EECA61CCF}.Debug|Any CPU.Build.0 = Debug|Any CPU
		{9F215F4E-BD83-4E26-AF69-125EECA61CCF}.Debug|x64.ActiveCfg = Debug|Any CPU
		{9F215F4E-BD83-4E26-AF69-125EECA61CCF}.Debug|x64.Build.0 = Debug|Any CPU
		{9F215F4E-BD83-4E26-AF69-125EECA61CCF}.Debug|x86.ActiveCfg = Debug|Any CPU
		{9F215F4E-BD83-4E26-AF69-125EECA61CCF}.Debug|x86.Build.0 = Debug|Any CPU
		{9F215F4E-BD83-4E26-AF69-125EECA61CCF}.Release|Any CPU.ActiveCfg = Release|Any CPU
		{9F215F4E-BD83-4E26-AF69-125EECA61CCF}.Release|Any CPU.Build.0 = Release|Any CPU
		{9F215F4E-BD83-4E26-AF69-125EECA61CCF}.Release|x64.ActiveCfg = Release|Any CPU
		{9F215F4E-BD83-4E26-AF69-125EECA61CCF}.Release|x64.Build.0 = Release|Any CPU
		{9F215F4E-BD83-4E26-AF69-125EECA61CCF}.Release|x86.ActiveCfg = Release|Any CPU
		{9F215F4E-BD83-4E26-AF69-125EECA61CCF}.Release|x86.Build.0 = Release|Any CPU
	EndGlobalSection
	GlobalSection(NestedProjects) = preSolution
		{9F215F4E-BD83-4E26-AF69-125EECA61CCF} = {C193F2E0-2A7D-11EC-A962-19124DDBE269}
		{5DBE9F77-0BEF-4F4D-A767-A72F3A68EA47} = {C193F2E0-2A7D-11EC-A962-19124DDBE269}
		{FF0CDEBE-7AD9-4179-8881-6C7D890421A0} = {C193F2E0-2A7D-11EC-A962-19124DDBE269}
		{D8D6E03B-C169-4A31-A9F5-78DCB4D1E332} = {C193F2E0-2A7D-11EC-A962-19124DDBE269}
		{7AC9FDDC-790A-4D6D-ADEC-92879F4E4A64} = {C193F2E0-2A7D-11EC-A962-19124DDBE269}
		{9EAE759F-9D3E-4A8E-A671-C7749A13ED96} = {C193F2E0-2A7D-11EC-A962-19124DDBE269}
		{2D120FCE-5006-407E-BCA2-06FD96DB0AB4} = {C193F2E0-2A7D-11EC-A962-19124DDBE269}
		{739A6BD2-7186-47BA-A757-D4BCC7B8E186} = {C193F2E0-2A7D-11EC-A962-19124DDBE269}
		{4ECA49DA-6F68-481F-A7EB-10551788AA7B} = {C193F2E0-2A7D-11EC-A962-19124DDBE269}
		{A7BF7464-1AC1-4ACE-9921-D1976C106D1A} = {C193F2E0-2A7D-11EC-A962-19124DDBE269}
	EndGlobalSection
EndGlobal
