
Microsoft Visual Studio Solution File, Format Version 12.00
# Visual Studio Version 16
VisualStudioVersion = 16.0.30114.105
MinimumVisualStudioVersion = 10.0.40219.1
Project("{FAE04EC0-301F-11D3-BF4B-00C04F79EFBC}") = "Ecubytes.Identity.Application.Api", "Ecubytes.Identity.Application.Api\Ecubytes.Identity.Application.Api.csproj", "{907B3F19-0695-45F3-A796-9EB55C8FB30E}"
EndProject
Project("{2150E333-8FDC-42A3-9474-1A3956D46DE8}") = "libs", "libs", "{5EA22750-116F-11EC-B7A6-7D8B9CB2A164}"
EndProject
Project("{FAE04EC0-301F-11D3-BF4B-00C04F79EFBC}") = "Ecubytes.AspNetCore", "..\..\Common\Ecubytes.AspNetCore\Ecubytes.AspNetCore.csproj", "{4D50E78A-53DE-47AA-8508-5F25E10DD1C2}"
EndProject
Project("{FAE04EC0-301F-11D3-BF4B-00C04F79EFBC}") = "Ecubytes.AspNetCore.Authentication", "..\..\Common\Ecubytes.AspNetCore.Authentication\Ecubytes.AspNetCore.Authentication.csproj", "{7047C4D5-C6D2-41DF-BB07-6908BB4E6220}"
EndProject
Project("{FAE04EC0-301F-11D3-BF4B-00C04F79EFBC}") = "Ecubytes.Data", "..\..\Common\Ecubytes.Data\Ecubytes.Data.csproj", "{F54F9A84-87DB-4623-AFCA-6E267AE03AA6}"
EndProject
Project("{FAE04EC0-301F-11D3-BF4B-00C04F79EFBC}") = "Ecubytes.Data.EntityFramework", "..\..\Common\Ecubytes.Data.EntityFramework\Ecubytes.Data.EntityFramework.csproj", "{B1C3F12A-8BCD-42A5-8E93-4BBD772D2405}"
EndProject
Project("{FAE04EC0-301F-11D3-BF4B-00C04F79EFBC}") = "Ecubytes.DependencyInjection", "..\..\Common\Ecubytes.DependencyInjection\Ecubytes.DependencyInjection.csproj", "{977C59B3-6206-4C21-9E9C-F88D423E5DBE}"
EndProject
Project("{FAE04EC0-301F-11D3-BF4B-00C04F79EFBC}") = "Ecubytes.Extensions.Logging", "..\..\Common\Ecubytes.Extensions.Logging\Ecubytes.Extensions.Logging.csproj", "{973E0617-5725-4853-9C4A-B41389237EA2}"
EndProject
Project("{FAE04EC0-301F-11D3-BF4B-00C04F79EFBC}") = "Ecubytes.Extensions.Logging.Infrastructure", "..\..\Common\Ecubytes.Extensions.Logging.Infrastructure\Ecubytes.Extensions.Logging.Infrastructure.csproj", "{A1399F52-A770-4C1B-BBE4-E651D105FF2F}"
EndProject
Project("{FAE04EC0-301F-11D3-BF4B-00C04F79EFBC}") = "Ecubytes.Identity.Application.Infrastructure", "Ecubytes.Identity.Application.Infrastructure\Ecubytes.Identity.Application.Infrastructure.csproj", "{20D410DC-7215-4B10-9116-73F923148FEC}"
EndProject
Project("{FAE04EC0-301F-11D3-BF4B-00C04F79EFBC}") = "Ecubytes.Identity.Application.Data", "Ecubytes.Identity.Application.Data\Ecubytes.Identity.Application.Data.csproj", "{4A423E03-A77C-4BEB-8544-89E7620644AB}"
EndProject
Project("{FAE04EC0-301F-11D3-BF4B-00C04F79EFBC}") = "Ecubytes.AspNetCore.Authorization", "..\..\Common\Ecubytes.AspNetCore.Authorization\Ecubytes.AspNetCore.Authorization.csproj", "{B0D2B143-D479-418F-99B8-507B9D622274}"
EndProject
Project("{FAE04EC0-301F-11D3-BF4B-00C04F79EFBC}") = "Ecubytes.AspNetCore.SwaggerGen", "..\..\Common\Ecubytes.AspNetCore.SwaggerGen\Ecubytes.AspNetCore.SwaggerGen.csproj", "{0CB9C15C-81F0-4783-AEE8-42839AA04C0D}"
EndProject
Project("{FAE04EC0-301F-11D3-BF4B-00C04F79EFBC}") = "Ecubytes.Integration.Queue", "..\..\Common\Ecubytes.Integration.Queue\Ecubytes.Integration.Queue.csproj", "{C30C7F07-A409-4BAB-AECD-A59602CCA66A}"
EndProject
Project("{FAE04EC0-301F-11D3-BF4B-00C04F79EFBC}") = "Ecubytes.Aws.Sqs", "..\..\Common\Ecubytes.Aws.Sqs\Ecubytes.Aws.Sqs.csproj", "{7EC20CB6-D897-451C-9907-BAF9C5BF5DC2}"
EndProject
Project("{FAE04EC0-301F-11D3-BF4B-00C04F79EFBC}") = "Ecubytes.Integration.EventBus", "..\..\Common\Ecubytes.Integration.EventBus\Ecubytes.Integration.EventBus.csproj", "{32F2B916-04B5-415B-ACCB-EEE619A22507}"
EndProject
Project("{FAE04EC0-301F-11D3-BF4B-00C04F79EFBC}") = "Ecubytes.Integration.Event", "..\..\Common\Ecubytes.Integration.Event\Ecubytes.Integration.Event.csproj", "{CD383CBE-8B1F-44FB-B461-9426CA1D3931}"
EndProject
Project("{FAE04EC0-301F-11D3-BF4B-00C04F79EFBC}") = "Ecubytes.Integration.Event.Repository.EntityFramework", "..\..\Common\Ecubytes.Integration.Event.Repository.Ef\Ecubytes.Integration.Event.Repository.EntityFramework.csproj", "{8024FA58-7375-441C-96DB-A020410C521C}"
EndProject
Project("{FAE04EC0-301F-11D3-BF4B-00C04F79EFBC}") = "Ecubytes.Cryptography", "..\..\Common\Ecubytes.Cryptography\Ecubytes.Cryptography.csproj", "{4F726193-E002-4912-B6D0-3BC307E8FD00}"
EndProject
Project("{FAE04EC0-301F-11D3-BF4B-00C04F79EFBC}") = "Ecubytes.JsonUtilities", "..\..\Common\Ecubytes.JsonUtilities\Ecubytes.JsonUtilities.csproj", "{629F84B7-540A-4742-A4F1-CB722FEA4B68}"
EndProject
Project("{FAE04EC0-301F-11D3-BF4B-00C04F79EFBC}") = "Ecubytes.AspNetCore.Mvc", "..\..\Common\Ecubytes.AspNetCore.Mvc\Ecubytes.AspNetCore.Mvc.csproj", "{469CF440-D5B1-47AC-9451-44FEFC0B27BA}"
EndProject
Global
	GlobalSection(SolutionConfigurationPlatforms) = preSolution
		Debug|Any CPU = Debug|Any CPU
		Debug|x64 = Debug|x64
		Debug|x86 = Debug|x86
		Release|Any CPU = Release|Any CPU
		Release|x64 = Release|x64
		Release|x86 = Release|x86
	EndGlobalSection
	GlobalSection(SolutionProperties) = preSolution
		HideSolutionNode = FALSE
	EndGlobalSection
	GlobalSection(ProjectConfigurationPlatforms) = postSolution
		{907B3F19-0695-45F3-A796-9EB55C8FB30E}.Debug|Any CPU.ActiveCfg = Debug|Any CPU
		{907B3F19-0695-45F3-A796-9EB55C8FB30E}.Debug|Any CPU.Build.0 = Debug|Any CPU
		{907B3F19-0695-45F3-A796-9EB55C8FB30E}.Debug|x64.ActiveCfg = Debug|Any CPU
		{907B3F19-0695-45F3-A796-9EB55C8FB30E}.Debug|x64.Build.0 = Debug|Any CPU
		{907B3F19-0695-45F3-A796-9EB55C8FB30E}.Debug|x86.ActiveCfg = Debug|Any CPU
		{907B3F19-0695-45F3-A796-9EB55C8FB30E}.Debug|x86.Build.0 = Debug|Any CPU
		{907B3F19-0695-45F3-A796-9EB55C8FB30E}.Release|Any CPU.ActiveCfg = Release|Any CPU
		{907B3F19-0695-45F3-A796-9EB55C8FB30E}.Release|Any CPU.Build.0 = Release|Any CPU
		{907B3F19-0695-45F3-A796-9EB55C8FB30E}.Release|x64.ActiveCfg = Release|Any CPU
		{907B3F19-0695-45F3-A796-9EB55C8FB30E}.Release|x64.Build.0 = Release|Any CPU
		{907B3F19-0695-45F3-A796-9EB55C8FB30E}.Release|x86.ActiveCfg = Release|Any CPU
		{907B3F19-0695-45F3-A796-9EB55C8FB30E}.Release|x86.Build.0 = Release|Any CPU
		{4D50E78A-53DE-47AA-8508-5F25E10DD1C2}.Debug|Any CPU.ActiveCfg = Debug|Any CPU
		{4D50E78A-53DE-47AA-8508-5F25E10DD1C2}.Debug|Any CPU.Build.0 = Debug|Any CPU
		{4D50E78A-53DE-47AA-8508-5F25E10DD1C2}.Debug|x64.ActiveCfg = Debug|Any CPU
		{4D50E78A-53DE-47AA-8508-5F25E10DD1C2}.Debug|x64.Build.0 = Debug|Any CPU
		{4D50E78A-53DE-47AA-8508-5F25E10DD1C2}.Debug|x86.ActiveCfg = Debug|Any CPU
		{4D50E78A-53DE-47AA-8508-5F25E10DD1C2}.Debug|x86.Build.0 = Debug|Any CPU
		{4D50E78A-53DE-47AA-8508-5F25E10DD1C2}.Release|Any CPU.ActiveCfg = Release|Any CPU
		{4D50E78A-53DE-47AA-8508-5F25E10DD1C2}.Release|Any CPU.Build.0 = Release|Any CPU
		{4D50E78A-53DE-47AA-8508-5F25E10DD1C2}.Release|x64.ActiveCfg = Release|Any CPU
		{4D50E78A-53DE-47AA-8508-5F25E10DD1C2}.Release|x64.Build.0 = Release|Any CPU
		{4D50E78A-53DE-47AA-8508-5F25E10DD1C2}.Release|x86.ActiveCfg = Release|Any CPU
		{4D50E78A-53DE-47AA-8508-5F25E10DD1C2}.Release|x86.Build.0 = Release|Any CPU
		{7047C4D5-C6D2-41DF-BB07-6908BB4E6220}.Debug|Any CPU.ActiveCfg = Debug|Any CPU
		{7047C4D5-C6D2-41DF-BB07-6908BB4E6220}.Debug|Any CPU.Build.0 = Debug|Any CPU
		{7047C4D5-C6D2-41DF-BB07-6908BB4E6220}.Debug|x64.ActiveCfg = Debug|Any CPU
		{7047C4D5-C6D2-41DF-BB07-6908BB4E6220}.Debug|x64.Build.0 = Debug|Any CPU
		{7047C4D5-C6D2-41DF-BB07-6908BB4E6220}.Debug|x86.ActiveCfg = Debug|Any CPU
		{7047C4D5-C6D2-41DF-BB07-6908BB4E6220}.Debug|x86.Build.0 = Debug|Any CPU
		{7047C4D5-C6D2-41DF-BB07-6908BB4E6220}.Release|Any CPU.ActiveCfg = Release|Any CPU
		{7047C4D5-C6D2-41DF-BB07-6908BB4E6220}.Release|Any CPU.Build.0 = Release|Any CPU
		{7047C4D5-C6D2-41DF-BB07-6908BB4E6220}.Release|x64.ActiveCfg = Release|Any CPU
		{7047C4D5-C6D2-41DF-BB07-6908BB4E6220}.Release|x64.Build.0 = Release|Any CPU
		{7047C4D5-C6D2-41DF-BB07-6908BB4E6220}.Release|x86.ActiveCfg = Release|Any CPU
		{7047C4D5-C6D2-41DF-BB07-6908BB4E6220}.Release|x86.Build.0 = Release|Any CPU
		{F54F9A84-87DB-4623-AFCA-6E267AE03AA6}.Debug|Any CPU.ActiveCfg = Debug|Any CPU
		{F54F9A84-87DB-4623-AFCA-6E267AE03AA6}.Debug|Any CPU.Build.0 = Debug|Any CPU
		{F54F9A84-87DB-4623-AFCA-6E267AE03AA6}.Debug|x64.ActiveCfg = Debug|Any CPU
		{F54F9A84-87DB-4623-AFCA-6E267AE03AA6}.Debug|x64.Build.0 = Debug|Any CPU
		{F54F9A84-87DB-4623-AFCA-6E267AE03AA6}.Debug|x86.ActiveCfg = Debug|Any CPU
		{F54F9A84-87DB-4623-AFCA-6E267AE03AA6}.Debug|x86.Build.0 = Debug|Any CPU
		{F54F9A84-87DB-4623-AFCA-6E267AE03AA6}.Release|Any CPU.ActiveCfg = Release|Any CPU
		{F54F9A84-87DB-4623-AFCA-6E267AE03AA6}.Release|Any CPU.Build.0 = Release|Any CPU
		{F54F9A84-87DB-4623-AFCA-6E267AE03AA6}.Release|x64.ActiveCfg = Release|Any CPU
		{F54F9A84-87DB-4623-AFCA-6E267AE03AA6}.Release|x64.Build.0 = Release|Any CPU
		{F54F9A84-87DB-4623-AFCA-6E267AE03AA6}.Release|x86.ActiveCfg = Release|Any CPU
		{F54F9A84-87DB-4623-AFCA-6E267AE03AA6}.Release|x86.Build.0 = Release|Any CPU
		{B1C3F12A-8BCD-42A5-8E93-4BBD772D2405}.Debug|Any CPU.ActiveCfg = Debug|Any CPU
		{B1C3F12A-8BCD-42A5-8E93-4BBD772D2405}.Debug|Any CPU.Build.0 = Debug|Any CPU
		{B1C3F12A-8BCD-42A5-8E93-4BBD772D2405}.Debug|x64.ActiveCfg = Debug|Any CPU
		{B1C3F12A-8BCD-42A5-8E93-4BBD772D2405}.Debug|x64.Build.0 = Debug|Any CPU
		{B1C3F12A-8BCD-42A5-8E93-4BBD772D2405}.Debug|x86.ActiveCfg = Debug|Any CPU
		{B1C3F12A-8BCD-42A5-8E93-4BBD772D2405}.Debug|x86.Build.0 = Debug|Any CPU
		{B1C3F12A-8BCD-42A5-8E93-4BBD772D2405}.Release|Any CPU.ActiveCfg = Release|Any CPU
		{B1C3F12A-8BCD-42A5-8E93-4BBD772D2405}.Release|Any CPU.Build.0 = Release|Any CPU
		{B1C3F12A-8BCD-42A5-8E93-4BBD772D2405}.Release|x64.ActiveCfg = Release|Any CPU
		{B1C3F12A-8BCD-42A5-8E93-4BBD772D2405}.Release|x64.Build.0 = Release|Any CPU
		{B1C3F12A-8BCD-42A5-8E93-4BBD772D2405}.Release|x86.ActiveCfg = Release|Any CPU
		{B1C3F12A-8BCD-42A5-8E93-4BBD772D2405}.Release|x86.Build.0 = Release|Any CPU
		{977C59B3-6206-4C21-9E9C-F88D423E5DBE}.Debug|Any CPU.ActiveCfg = Debug|Any CPU
		{977C59B3-6206-4C21-9E9C-F88D423E5DBE}.Debug|Any CPU.Build.0 = Debug|Any CPU
		{977C59B3-6206-4C21-9E9C-F88D423E5DBE}.Debug|x64.ActiveCfg = Debug|Any CPU
		{977C59B3-6206-4C21-9E9C-F88D423E5DBE}.Debug|x64.Build.0 = Debug|Any CPU
		{977C59B3-6206-4C21-9E9C-F88D423E5DBE}.Debug|x86.ActiveCfg = Debug|Any CPU
		{977C59B3-6206-4C21-9E9C-F88D423E5DBE}.Debug|x86.Build.0 = Debug|Any CPU
		{977C59B3-6206-4C21-9E9C-F88D423E5DBE}.Release|Any CPU.ActiveCfg = Release|Any CPU
		{977C59B3-6206-4C21-9E9C-F88D423E5DBE}.Release|Any CPU.Build.0 = Release|Any CPU
		{977C59B3-6206-4C21-9E9C-F88D423E5DBE}.Release|x64.ActiveCfg = Release|Any CPU
		{977C59B3-6206-4C21-9E9C-F88D423E5DBE}.Release|x64.Build.0 = Release|Any CPU
		{977C59B3-6206-4C21-9E9C-F88D423E5DBE}.Release|x86.ActiveCfg = Release|Any CPU
		{977C59B3-6206-4C21-9E9C-F88D423E5DBE}.Release|x86.Build.0 = Release|Any CPU
		{973E0617-5725-4853-9C4A-B41389237EA2}.Debug|Any CPU.ActiveCfg = Debug|Any CPU
		{973E0617-5725-4853-9C4A-B41389237EA2}.Debug|Any CPU.Build.0 = Debug|Any CPU
		{973E0617-5725-4853-9C4A-B41389237EA2}.Debug|x64.ActiveCfg = Debug|Any CPU
		{973E0617-5725-4853-9C4A-B41389237EA2}.Debug|x64.Build.0 = Debug|Any CPU
		{973E0617-5725-4853-9C4A-B41389237EA2}.Debug|x86.ActiveCfg = Debug|Any CPU
		{973E0617-5725-4853-9C4A-B41389237EA2}.Debug|x86.Build.0 = Debug|Any CPU
		{973E0617-5725-4853-9C4A-B41389237EA2}.Release|Any CPU.ActiveCfg = Release|Any CPU
		{973E0617-5725-4853-9C4A-B41389237EA2}.Release|Any CPU.Build.0 = Release|Any CPU
		{973E0617-5725-4853-9C4A-B41389237EA2}.Release|x64.ActiveCfg = Release|Any CPU
		{973E0617-5725-4853-9C4A-B41389237EA2}.Release|x64.Build.0 = Release|Any CPU
		{973E0617-5725-4853-9C4A-B41389237EA2}.Release|x86.ActiveCfg = Release|Any CPU
		{973E0617-5725-4853-9C4A-B41389237EA2}.Release|x86.Build.0 = Release|Any CPU
		{A1399F52-A770-4C1B-BBE4-E651D105FF2F}.Debug|Any CPU.ActiveCfg = Debug|Any CPU
		{A1399F52-A770-4C1B-BBE4-E651D105FF2F}.Debug|Any CPU.Build.0 = Debug|Any CPU
		{A1399F52-A770-4C1B-BBE4-E651D105FF2F}.Debug|x64.ActiveCfg = Debug|Any CPU
		{A1399F52-A770-4C1B-BBE4-E651D105FF2F}.Debug|x64.Build.0 = Debug|Any CPU
		{A1399F52-A770-4C1B-BBE4-E651D105FF2F}.Debug|x86.ActiveCfg = Debug|Any CPU
		{A1399F52-A770-4C1B-BBE4-E651D105FF2F}.Debug|x86.Build.0 = Debug|Any CPU
		{A1399F52-A770-4C1B-BBE4-E651D105FF2F}.Release|Any CPU.ActiveCfg = Release|Any CPU
		{A1399F52-A770-4C1B-BBE4-E651D105FF2F}.Release|Any CPU.Build.0 = Release|Any CPU
		{A1399F52-A770-4C1B-BBE4-E651D105FF2F}.Release|x64.ActiveCfg = Release|Any CPU
		{A1399F52-A770-4C1B-BBE4-E651D105FF2F}.Release|x64.Build.0 = Release|Any CPU
		{A1399F52-A770-4C1B-BBE4-E651D105FF2F}.Release|x86.ActiveCfg = Release|Any CPU
		{A1399F52-A770-4C1B-BBE4-E651D105FF2F}.Release|x86.Build.0 = Release|Any CPU
		{20D410DC-7215-4B10-9116-73F923148FEC}.Debug|Any CPU.ActiveCfg = Debug|Any CPU
		{20D410DC-7215-4B10-9116-73F923148FEC}.Debug|Any CPU.Build.0 = Debug|Any CPU
		{20D410DC-7215-4B10-9116-73F923148FEC}.Debug|x64.ActiveCfg = Debug|Any CPU
		{20D410DC-7215-4B10-9116-73F923148FEC}.Debug|x64.Build.0 = Debug|Any CPU
		{20D410DC-7215-4B10-9116-73F923148FEC}.Debug|x86.ActiveCfg = Debug|Any CPU
		{20D410DC-7215-4B10-9116-73F923148FEC}.Debug|x86.Build.0 = Debug|Any CPU
		{20D410DC-7215-4B10-9116-73F923148FEC}.Release|Any CPU.ActiveCfg = Release|Any CPU
		{20D410DC-7215-4B10-9116-73F923148FEC}.Release|Any CPU.Build.0 = Release|Any CPU
		{20D410DC-7215-4B10-9116-73F923148FEC}.Release|x64.ActiveCfg = Release|Any CPU
		{20D410DC-7215-4B10-9116-73F923148FEC}.Release|x64.Build.0 = Release|Any CPU
		{20D410DC-7215-4B10-9116-73F923148FEC}.Release|x86.ActiveCfg = Release|Any CPU
		{20D410DC-7215-4B10-9116-73F923148FEC}.Release|x86.Build.0 = Release|Any CPU
		{4A423E03-A77C-4BEB-8544-89E7620644AB}.Debug|Any CPU.ActiveCfg = Debug|Any CPU
		{4A423E03-A77C-4BEB-8544-89E7620644AB}.Debug|Any CPU.Build.0 = Debug|Any CPU
		{4A423E03-A77C-4BEB-8544-89E7620644AB}.Debug|x64.ActiveCfg = Debug|Any CPU
		{4A423E03-A77C-4BEB-8544-89E7620644AB}.Debug|x64.Build.0 = Debug|Any CPU
		{4A423E03-A77C-4BEB-8544-89E7620644AB}.Debug|x86.ActiveCfg = Debug|Any CPU
		{4A423E03-A77C-4BEB-8544-89E7620644AB}.Debug|x86.Build.0 = Debug|Any CPU
		{4A423E03-A77C-4BEB-8544-89E7620644AB}.Release|Any CPU.ActiveCfg = Release|Any CPU
		{4A423E03-A77C-4BEB-8544-89E7620644AB}.Release|Any CPU.Build.0 = Release|Any CPU
		{4A423E03-A77C-4BEB-8544-89E7620644AB}.Release|x64.ActiveCfg = Release|Any CPU
		{4A423E03-A77C-4BEB-8544-89E7620644AB}.Release|x64.Build.0 = Release|Any CPU
		{4A423E03-A77C-4BEB-8544-89E7620644AB}.Release|x86.ActiveCfg = Release|Any CPU
		{4A423E03-A77C-4BEB-8544-89E7620644AB}.Release|x86.Build.0 = Release|Any CPU
		{B0D2B143-D479-418F-99B8-507B9D622274}.Debug|Any CPU.ActiveCfg = Debug|Any CPU
		{B0D2B143-D479-418F-99B8-507B9D622274}.Debug|Any CPU.Build.0 = Debug|Any CPU
		{B0D2B143-D479-418F-99B8-507B9D622274}.Debug|x64.ActiveCfg = Debug|Any CPU
		{B0D2B143-D479-418F-99B8-507B9D622274}.Debug|x64.Build.0 = Debug|Any CPU
		{B0D2B143-D479-418F-99B8-507B9D622274}.Debug|x86.ActiveCfg = Debug|Any CPU
		{B0D2B143-D479-418F-99B8-507B9D622274}.Debug|x86.Build.0 = Debug|Any CPU
		{B0D2B143-D479-418F-99B8-507B9D622274}.Release|Any CPU.ActiveCfg = Release|Any CPU
		{B0D2B143-D479-418F-99B8-507B9D622274}.Release|Any CPU.Build.0 = Release|Any CPU
		{B0D2B143-D479-418F-99B8-507B9D622274}.Release|x64.ActiveCfg = Release|Any CPU
		{B0D2B143-D479-418F-99B8-507B9D622274}.Release|x64.Build.0 = Release|Any CPU
		{B0D2B143-D479-418F-99B8-507B9D622274}.Release|x86.ActiveCfg = Release|Any CPU
		{B0D2B143-D479-418F-99B8-507B9D622274}.Release|x86.Build.0 = Release|Any CPU
		{0CB9C15C-81F0-4783-AEE8-42839AA04C0D}.Debug|Any CPU.ActiveCfg = Debug|Any CPU
		{0CB9C15C-81F0-4783-AEE8-42839AA04C0D}.Debug|Any CPU.Build.0 = Debug|Any CPU
		{0CB9C15C-81F0-4783-AEE8-42839AA04C0D}.Debug|x64.ActiveCfg = Debug|Any CPU
		{0CB9C15C-81F0-4783-AEE8-42839AA04C0D}.Debug|x64.Build.0 = Debug|Any CPU
		{0CB9C15C-81F0-4783-AEE8-42839AA04C0D}.Debug|x86.ActiveCfg = Debug|Any CPU
		{0CB9C15C-81F0-4783-AEE8-42839AA04C0D}.Debug|x86.Build.0 = Debug|Any CPU
		{0CB9C15C-81F0-4783-AEE8-42839AA04C0D}.Release|Any CPU.ActiveCfg = Release|Any CPU
		{0CB9C15C-81F0-4783-AEE8-42839AA04C0D}.Release|Any CPU.Build.0 = Release|Any CPU
		{0CB9C15C-81F0-4783-AEE8-42839AA04C0D}.Release|x64.ActiveCfg = Release|Any CPU
		{0CB9C15C-81F0-4783-AEE8-42839AA04C0D}.Release|x64.Build.0 = Release|Any CPU
		{0CB9C15C-81F0-4783-AEE8-42839AA04C0D}.Release|x86.ActiveCfg = Release|Any CPU
		{0CB9C15C-81F0-4783-AEE8-42839AA04C0D}.Release|x86.Build.0 = Release|Any CPU
		{C30C7F07-A409-4BAB-AECD-A59602CCA66A}.Debug|Any CPU.ActiveCfg = Debug|Any CPU
		{C30C7F07-A409-4BAB-AECD-A59602CCA66A}.Debug|Any CPU.Build.0 = Debug|Any CPU
		{C30C7F07-A409-4BAB-AECD-A59602CCA66A}.Debug|x64.ActiveCfg = Debug|Any CPU
		{C30C7F07-A409-4BAB-AECD-A59602CCA66A}.Debug|x64.Build.0 = Debug|Any CPU
		{C30C7F07-A409-4BAB-AECD-A59602CCA66A}.Debug|x86.ActiveCfg = Debug|Any CPU
		{C30C7F07-A409-4BAB-AECD-A59602CCA66A}.Debug|x86.Build.0 = Debug|Any CPU
		{C30C7F07-A409-4BAB-AECD-A59602CCA66A}.Release|Any CPU.ActiveCfg = Release|Any CPU
		{C30C7F07-A409-4BAB-AECD-A59602CCA66A}.Release|Any CPU.Build.0 = Release|Any CPU
		{C30C7F07-A409-4BAB-AECD-A59602CCA66A}.Release|x64.ActiveCfg = Release|Any CPU
		{C30C7F07-A409-4BAB-AECD-A59602CCA66A}.Release|x64.Build.0 = Release|Any CPU
		{C30C7F07-A409-4BAB-AECD-A59602CCA66A}.Release|x86.ActiveCfg = Release|Any CPU
		{C30C7F07-A409-4BAB-AECD-A59602CCA66A}.Release|x86.Build.0 = Release|Any CPU
		{7EC20CB6-D897-451C-9907-BAF9C5BF5DC2}.Debug|Any CPU.ActiveCfg = Debug|Any CPU
		{7EC20CB6-D897-451C-9907-BAF9C5BF5DC2}.Debug|Any CPU.Build.0 = Debug|Any CPU
		{7EC20CB6-D897-451C-9907-BAF9C5BF5DC2}.Debug|x64.ActiveCfg = Debug|Any CPU
		{7EC20CB6-D897-451C-9907-BAF9C5BF5DC2}.Debug|x64.Build.0 = Debug|Any CPU
		{7EC20CB6-D897-451C-9907-BAF9C5BF5DC2}.Debug|x86.ActiveCfg = Debug|Any CPU
		{7EC20CB6-D897-451C-9907-BAF9C5BF5DC2}.Debug|x86.Build.0 = Debug|Any CPU
		{7EC20CB6-D897-451C-9907-BAF9C5BF5DC2}.Release|Any CPU.ActiveCfg = Release|Any CPU
		{7EC20CB6-D897-451C-9907-BAF9C5BF5DC2}.Release|Any CPU.Build.0 = Release|Any CPU
		{7EC20CB6-D897-451C-9907-BAF9C5BF5DC2}.Release|x64.ActiveCfg = Release|Any CPU
		{7EC20CB6-D897-451C-9907-BAF9C5BF5DC2}.Release|x64.Build.0 = Release|Any CPU
		{7EC20CB6-D897-451C-9907-BAF9C5BF5DC2}.Release|x86.ActiveCfg = Release|Any CPU
		{7EC20CB6-D897-451C-9907-BAF9C5BF5DC2}.Release|x86.Build.0 = Release|Any CPU
		{32F2B916-04B5-415B-ACCB-EEE619A22507}.Debug|Any CPU.ActiveCfg = Debug|Any CPU
		{32F2B916-04B5-415B-ACCB-EEE619A22507}.Debug|Any CPU.Build.0 = Debug|Any CPU
		{32F2B916-04B5-415B-ACCB-EEE619A22507}.Debug|x64.ActiveCfg = Debug|Any CPU
		{32F2B916-04B5-415B-ACCB-EEE619A22507}.Debug|x64.Build.0 = Debug|Any CPU
		{32F2B916-04B5-415B-ACCB-EEE619A22507}.Debug|x86.ActiveCfg = Debug|Any CPU
		{32F2B916-04B5-415B-ACCB-EEE619A22507}.Debug|x86.Build.0 = Debug|Any CPU
		{32F2B916-04B5-415B-ACCB-EEE619A22507}.Release|Any CPU.ActiveCfg = Release|Any CPU
		{32F2B916-04B5-415B-ACCB-EEE619A22507}.Release|Any CPU.Build.0 = Release|Any CPU
		{32F2B916-04B5-415B-ACCB-EEE619A22507}.Release|x64.ActiveCfg = Release|Any CPU
		{32F2B916-04B5-415B-ACCB-EEE619A22507}.Release|x64.Build.0 = Release|Any CPU
		{32F2B916-04B5-415B-ACCB-EEE619A22507}.Release|x86.ActiveCfg = Release|Any CPU
		{32F2B916-04B5-415B-ACCB-EEE619A22507}.Release|x86.Build.0 = Release|Any CPU
		{CD383CBE-8B1F-44FB-B461-9426CA1D3931}.Debug|Any CPU.ActiveCfg = Debug|Any CPU
		{CD383CBE-8B1F-44FB-B461-9426CA1D3931}.Debug|Any CPU.Build.0 = Debug|Any CPU
		{CD383CBE-8B1F-44FB-B461-9426CA1D3931}.Debug|x64.ActiveCfg = Debug|Any CPU
		{CD383CBE-8B1F-44FB-B461-9426CA1D3931}.Debug|x64.Build.0 = Debug|Any CPU
		{CD383CBE-8B1F-44FB-B461-9426CA1D3931}.Debug|x86.ActiveCfg = Debug|Any CPU
		{CD383CBE-8B1F-44FB-B461-9426CA1D3931}.Debug|x86.Build.0 = Debug|Any CPU
		{CD383CBE-8B1F-44FB-B461-9426CA1D3931}.Release|Any CPU.ActiveCfg = Release|Any CPU
		{CD383CBE-8B1F-44FB-B461-9426CA1D3931}.Release|Any CPU.Build.0 = Release|Any CPU
		{CD383CBE-8B1F-44FB-B461-9426CA1D3931}.Release|x64.ActiveCfg = Release|Any CPU
		{CD383CBE-8B1F-44FB-B461-9426CA1D3931}.Release|x64.Build.0 = Release|Any CPU
		{CD383CBE-8B1F-44FB-B461-9426CA1D3931}.Release|x86.ActiveCfg = Release|Any CPU
		{CD383CBE-8B1F-44FB-B461-9426CA1D3931}.Release|x86.Build.0 = Release|Any CPU
		{8024FA58-7375-441C-96DB-A020410C521C}.Debug|Any CPU.ActiveCfg = Debug|Any CPU
		{8024FA58-7375-441C-96DB-A020410C521C}.Debug|Any CPU.Build.0 = Debug|Any CPU
		{8024FA58-7375-441C-96DB-A020410C521C}.Debug|x64.ActiveCfg = Debug|Any CPU
		{8024FA58-7375-441C-96DB-A020410C521C}.Debug|x64.Build.0 = Debug|Any CPU
		{8024FA58-7375-441C-96DB-A020410C521C}.Debug|x86.ActiveCfg = Debug|Any CPU
		{8024FA58-7375-441C-96DB-A020410C521C}.Debug|x86.Build.0 = Debug|Any CPU
		{8024FA58-7375-441C-96DB-A020410C521C}.Release|Any CPU.ActiveCfg = Release|Any CPU
		{8024FA58-7375-441C-96DB-A020410C521C}.Release|Any CPU.Build.0 = Release|Any CPU
		{8024FA58-7375-441C-96DB-A020410C521C}.Release|x64.ActiveCfg = Release|Any CPU
		{8024FA58-7375-441C-96DB-A020410C521C}.Release|x64.Build.0 = Release|Any CPU
		{8024FA58-7375-441C-96DB-A020410C521C}.Release|x86.ActiveCfg = Release|Any CPU
		{8024FA58-7375-441C-96DB-A020410C521C}.Release|x86.Build.0 = Release|Any CPU
		{4F726193-E002-4912-B6D0-3BC307E8FD00}.Debug|Any CPU.ActiveCfg = Debug|Any CPU
		{4F726193-E002-4912-B6D0-3BC307E8FD00}.Debug|Any CPU.Build.0 = Debug|Any CPU
		{4F726193-E002-4912-B6D0-3BC307E8FD00}.Debug|x64.ActiveCfg = Debug|Any CPU
		{4F726193-E002-4912-B6D0-3BC307E8FD00}.Debug|x64.Build.0 = Debug|Any CPU
		{4F726193-E002-4912-B6D0-3BC307E8FD00}.Debug|x86.ActiveCfg = Debug|Any CPU
		{4F726193-E002-4912-B6D0-3BC307E8FD00}.Debug|x86.Build.0 = Debug|Any CPU
		{4F726193-E002-4912-B6D0-3BC307E8FD00}.Release|Any CPU.ActiveCfg = Release|Any CPU
		{4F726193-E002-4912-B6D0-3BC307E8FD00}.Release|Any CPU.Build.0 = Release|Any CPU
		{4F726193-E002-4912-B6D0-3BC307E8FD00}.Release|x64.ActiveCfg = Release|Any CPU
		{4F726193-E002-4912-B6D0-3BC307E8FD00}.Release|x64.Build.0 = Release|Any CPU
		{4F726193-E002-4912-B6D0-3BC307E8FD00}.Release|x86.ActiveCfg = Release|Any CPU
		{4F726193-E002-4912-B6D0-3BC307E8FD00}.Release|x86.Build.0 = Release|Any CPU
		{629F84B7-540A-4742-A4F1-CB722FEA4B68}.Debug|Any CPU.ActiveCfg = Debug|Any CPU
		{629F84B7-540A-4742-A4F1-CB722FEA4B68}.Debug|Any CPU.Build.0 = Debug|Any CPU
		{629F84B7-540A-4742-A4F1-CB722FEA4B68}.Debug|x64.ActiveCfg = Debug|Any CPU
		{629F84B7-540A-4742-A4F1-CB722FEA4B68}.Debug|x64.Build.0 = Debug|Any CPU
		{629F84B7-540A-4742-A4F1-CB722FEA4B68}.Debug|x86.ActiveCfg = Debug|Any CPU
		{629F84B7-540A-4742-A4F1-CB722FEA4B68}.Debug|x86.Build.0 = Debug|Any CPU
		{629F84B7-540A-4742-A4F1-CB722FEA4B68}.Release|Any CPU.ActiveCfg = Release|Any CPU
		{629F84B7-540A-4742-A4F1-CB722FEA4B68}.Release|Any CPU.Build.0 = Release|Any CPU
		{629F84B7-540A-4742-A4F1-CB722FEA4B68}.Release|x64.ActiveCfg = Release|Any CPU
		{629F84B7-540A-4742-A4F1-CB722FEA4B68}.Release|x64.Build.0 = Release|Any CPU
		{629F84B7-540A-4742-A4F1-CB722FEA4B68}.Release|x86.ActiveCfg = Release|Any CPU
		{629F84B7-540A-4742-A4F1-CB722FEA4B68}.Release|x86.Build.0 = Release|Any CPU
		{469CF440-D5B1-47AC-9451-44FEFC0B27BA}.Debug|Any CPU.ActiveCfg = Debug|Any CPU
		{469CF440-D5B1-47AC-9451-44FEFC0B27BA}.Debug|Any CPU.Build.0 = Debug|Any CPU
		{469CF440-D5B1-47AC-9451-44FEFC0B27BA}.Debug|x64.ActiveCfg = Debug|Any CPU
		{469CF440-D5B1-47AC-9451-44FEFC0B27BA}.Debug|x64.Build.0 = Debug|Any CPU
		{469CF440-D5B1-47AC-9451-44FEFC0B27BA}.Debug|x86.ActiveCfg = Debug|Any CPU
		{469CF440-D5B1-47AC-9451-44FEFC0B27BA}.Debug|x86.Build.0 = Debug|Any CPU
		{469CF440-D5B1-47AC-9451-44FEFC0B27BA}.Release|Any CPU.ActiveCfg = Release|Any CPU
		{469CF440-D5B1-47AC-9451-44FEFC0B27BA}.Release|Any CPU.Build.0 = Release|Any CPU
		{469CF440-D5B1-47AC-9451-44FEFC0B27BA}.Release|x64.ActiveCfg = Release|Any CPU
		{469CF440-D5B1-47AC-9451-44FEFC0B27BA}.Release|x64.Build.0 = Release|Any CPU
		{469CF440-D5B1-47AC-9451-44FEFC0B27BA}.Release|x86.ActiveCfg = Release|Any CPU
		{469CF440-D5B1-47AC-9451-44FEFC0B27BA}.Release|x86.Build.0 = Release|Any CPU
	EndGlobalSection
	GlobalSection(NestedProjects) = preSolution
		{469CF440-D5B1-47AC-9451-44FEFC0B27BA} = {5EA22750-116F-11EC-B7A6-7D8B9CB2A164}
		{629F84B7-540A-4742-A4F1-CB722FEA4B68} = {5EA22750-116F-11EC-B7A6-7D8B9CB2A164}
		{4F726193-E002-4912-B6D0-3BC307E8FD00} = {5EA22750-116F-11EC-B7A6-7D8B9CB2A164}
		{8024FA58-7375-441C-96DB-A020410C521C} = {5EA22750-116F-11EC-B7A6-7D8B9CB2A164}
		{CD383CBE-8B1F-44FB-B461-9426CA1D3931} = {5EA22750-116F-11EC-B7A6-7D8B9CB2A164}
		{32F2B916-04B5-415B-ACCB-EEE619A22507} = {5EA22750-116F-11EC-B7A6-7D8B9CB2A164}
		{7EC20CB6-D897-451C-9907-BAF9C5BF5DC2} = {5EA22750-116F-11EC-B7A6-7D8B9CB2A164}
		{C30C7F07-A409-4BAB-AECD-A59602CCA66A} = {5EA22750-116F-11EC-B7A6-7D8B9CB2A164}
		{0CB9C15C-81F0-4783-AEE8-42839AA04C0D} = {5EA22750-116F-11EC-B7A6-7D8B9CB2A164}
		{B0D2B143-D479-418F-99B8-507B9D622274} = {5EA22750-116F-11EC-B7A6-7D8B9CB2A164}
		{A1399F52-A770-4C1B-BBE4-E651D105FF2F} = {5EA22750-116F-11EC-B7A6-7D8B9CB2A164}
		{973E0617-5725-4853-9C4A-B41389237EA2} = {5EA22750-116F-11EC-B7A6-7D8B9CB2A164}
		{977C59B3-6206-4C21-9E9C-F88D423E5DBE} = {5EA22750-116F-11EC-B7A6-7D8B9CB2A164}
		{B1C3F12A-8BCD-42A5-8E93-4BBD772D2405} = {5EA22750-116F-11EC-B7A6-7D8B9CB2A164}
		{F54F9A84-87DB-4623-AFCA-6E267AE03AA6} = {5EA22750-116F-11EC-B7A6-7D8B9CB2A164}
		{7047C4D5-C6D2-41DF-BB07-6908BB4E6220} = {5EA22750-116F-11EC-B7A6-7D8B9CB2A164}
		{4D50E78A-53DE-47AA-8508-5F25E10DD1C2} = {5EA22750-116F-11EC-B7A6-7D8B9CB2A164}
	EndGlobalSection
EndGlobal
